
Microsoft Visual Studio Solution File, Format Version 12.00
# Visual Studio Version 16
VisualStudioVersion = 16.0.30621.155
MinimumVisualStudioVersion = 10.0.40219.1
Project("{FAE04EC0-301F-11D3-BF4B-00C04F79EFBC}") = "ConsoleApp4", "ConsoleApp4\ConsoleApp4.csproj", "{DC4B847F-465F-4083-A3D0-74AE3EB598E0}"
EndProject
Global
	GlobalSection(SolutionConfigurationPlatforms) = preSolution
		Debug|Any CPU = Debug|Any CPU
		Release|Any CPU = Release|Any CPU
	EndGlobalSection
	GlobalSection(ProjectConfigurationPlatforms) = postSolution
		{DC4B847F-465F-4083-A3D0-74AE3EB598E0}.Debug|Any CPU.ActiveCfg = Debug|Any CPU
		{DC4B847F-465F-4083-A3D0-74AE3EB598E0}.Debug|Any CPU.Build.0 = Debug|Any CPU
		{DC4B847F-465F-4083-A3D0-74AE3EB598E0}.Release|Any CPU.ActiveCfg = Release|Any CPU
		{DC4B847F-465F-4083-A3D0-74AE3EB598E0}.Release|Any CPU.Build.0 = Release|Any CPU
	EndGlobalSection
	GlobalSection(SolutionProperties) = preSolution
		HideSolutionNode = FALSE
	EndGlobalSection
	GlobalSection(ExtensibilityGlobals) = postSolution
		SolutionGuid = {D0DFEBBC-4AD0-48FE-AC35-3EEAA75D8DA1}
	EndGlobalSection
EndGlobal
